// !$*UTF8*$!
{
	archiveVersion = 1;
	classes = {
	};
	objectVersion = 46;
	objects = {

/* Begin PBXBuildFile section */
		3265F8831DC8EEF6009C786B /* PlaceDetailViewController.m in Sources */ = {isa = PBXBuildFile; fileRef = 3265F8821DC8EEF6009C786B /* PlaceDetailViewController.m */; };
		32AB62391DBA18AA00B37793 /* main.m in Sources */ = {isa = PBXBuildFile; fileRef = 32AB62381DBA18AA00B37793 /* main.m */; };
		32AB623C1DBA18AA00B37793 /* AppDelegate.m in Sources */ = {isa = PBXBuildFile; fileRef = 32AB623B1DBA18AA00B37793 /* AppDelegate.m */; };
		32AB623F1DBA18AA00B37793 /* ViewController.m in Sources */ = {isa = PBXBuildFile; fileRef = 32AB623E1DBA18AA00B37793 /* ViewController.m */; };
		32AB62421DBA18AA00B37793 /* Main.storyboard in Resources */ = {isa = PBXBuildFile; fileRef = 32AB62401DBA18AA00B37793 /* Main.storyboard */; };
		32AB62441DBA18AA00B37793 /* Assets.xcassets in Resources */ = {isa = PBXBuildFile; fileRef = 32AB62431DBA18AA00B37793 /* Assets.xcassets */; };
		32AB62471DBA18AA00B37793 /* LaunchScreen.storyboard in Resources */ = {isa = PBXBuildFile; fileRef = 32AB62451DBA18AA00B37793 /* LaunchScreen.storyboard */; };
		32AB62531DBA353B00B37793 /* PlaceListViewController.m in Sources */ = {isa = PBXBuildFile; fileRef = 32AB62521DBA353B00B37793 /* PlaceListViewController.m */; };
/* End PBXBuildFile section */

/* Begin PBXFileReference section */
		3265F8811DC8EEF6009C786B /* PlaceDetailViewController.h */ = {isa = PBXFileReference; fileEncoding = 4; lastKnownFileType = sourcecode.c.h; path = PlaceDetailViewController.h; sourceTree = "<group>"; };
		3265F8821DC8EEF6009C786B /* PlaceDetailViewController.m */ = {isa = PBXFileReference; fileEncoding = 4; lastKnownFileType = sourcecode.c.objc; path = PlaceDetailViewController.m; sourceTree = "<group>"; };
		32AB62341DBA18AA00B37793 /* KWPlaceNearBy.app */ = {isa = PBXFileReference; explicitFileType = wrapper.application; includeInIndex = 0; path = KWPlaceNearBy.app; sourceTree = BUILT_PRODUCTS_DIR; };
		32AB62381DBA18AA00B37793 /* main.m */ = {isa = PBXFileReference; lastKnownFileType = sourcecode.c.objc; path = main.m; sourceTree = "<group>"; };
		32AB623A1DBA18AA00B37793 /* AppDelegate.h */ = {isa = PBXFileReference; lastKnownFileType = sourcecode.c.h; path = AppDelegate.h; sourceTree = "<group>"; };
		32AB623B1DBA18AA00B37793 /* AppDelegate.m */ = {isa = PBXFileReference; lastKnownFileType = sourcecode.c.objc; path = AppDelegate.m; sourceTree = "<group>"; };
		32AB623D1DBA18AA00B37793 /* ViewController.h */ = {isa = PBXFileReference; lastKnownFileType = sourcecode.c.h; path = ViewController.h; sourceTree = "<group>"; };
		32AB623E1DBA18AA00B37793 /* ViewController.m */ = {isa = PBXFileReference; lastKnownFileType = sourcecode.c.objc; path = ViewController.m; sourceTree = "<group>"; };
		32AB62411DBA18AA00B37793 /* Base */ = {isa = PBXFileReference; lastKnownFileType = file.storyboard; name = Base; path = Base.lproj/Main.storyboard; sourceTree = "<group>"; };
		32AB62431DBA18AA00B37793 /* Assets.xcassets */ = {isa = PBXFileReference; lastKnownFileType = folder.assetcatalog; path = Assets.xcassets; sourceTree = "<group>"; };
		32AB62461DBA18AA00B37793 /* Base */ = {isa = PBXFileReference; lastKnownFileType = file.storyboard; name = Base; path = Base.lproj/LaunchScreen.storyboard; sourceTree = "<group>"; };
		32AB62481DBA18AA00B37793 /* Info.plist */ = {isa = PBXFileReference; lastKnownFileType = text.plist.xml; path = Info.plist; sourceTree = "<group>"; };
		32AB62511DBA353B00B37793 /* PlaceListViewController.h */ = {isa = PBXFileReference; fileEncoding = 4; lastKnownFileType = sourcecode.c.h; path = PlaceListViewController.h; sourceTree = "<group>"; };
		32AB62521DBA353B00B37793 /* PlaceListViewController.m */ = {isa = PBXFileReference; fileEncoding = 4; lastKnownFileType = sourcecode.c.objc; path = PlaceListViewController.m; sourceTree = "<group>"; };
/* End PBXFileReference section */

/* Begin PBXFrameworksBuildPhase section */
		32AB62311DBA18AA00B37793 /* Frameworks */ = {
			isa = PBXFrameworksBuildPhase;
			buildActionMask = 2147483647;
			files = (
			);
			runOnlyForDeploymentPostprocessing = 0;
		};
/* End PBXFrameworksBuildPhase section */

/* Begin PBXGroup section */
		32AB622B1DBA18A900B37793 = {
			isa = PBXGroup;
			children = (
				32AB62361DBA18AA00B37793 /* KWPlaceNearBy */,
				32AB62351DBA18AA00B37793 /* Products */,
			);
			sourceTree = "<group>";
		};
		32AB62351DBA18AA00B37793 /* Products */ = {
			isa = PBXGroup;
			children = (
				32AB62341DBA18AA00B37793 /* KWPlaceNearBy.app */,
			);
			name = Products;
			sourceTree = "<group>";
		};
		32AB62361DBA18AA00B37793 /* KWPlaceNearBy */ = {
			isa = PBXGroup;
			children = (
				32AB623A1DBA18AA00B37793 /* AppDelegate.h */,
				32AB623B1DBA18AA00B37793 /* AppDelegate.m */,
				32AB623D1DBA18AA00B37793 /* ViewController.h */,
				32AB623E1DBA18AA00B37793 /* ViewController.m */,
				32AB62511DBA353B00B37793 /* PlaceListViewController.h */,
				32AB62521DBA353B00B37793 /* PlaceListViewController.m */,
				3265F8811DC8EEF6009C786B /* PlaceDetailViewController.h */,
				3265F8821DC8EEF6009C786B /* PlaceDetailViewController.m */,
				32AB62401DBA18AA00B37793 /* Main.storyboard */,
				32AB62431DBA18AA00B37793 /* Assets.xcassets */,
				32AB62451DBA18AA00B37793 /* LaunchScreen.storyboard */,
				32AB62481DBA18AA00B37793 /* Info.plist */,
				32AB62371DBA18AA00B37793 /* Supporting Files */,
			);
			path = KWPlaceNearBy;
			sourceTree = "<group>";
		};
		32AB62371DBA18AA00B37793 /* Supporting Files */ = {
			isa = PBXGroup;
			children = (
				32AB62381DBA18AA00B37793 /* main.m */,
			);
			name = "Supporting Files";
			sourceTree = "<group>";
		};
/* End PBXGroup section */

/* Begin PBXNativeTarget section */
		32AB62331DBA18AA00B37793 /* KWPlaceNearBy */ = {
			isa = PBXNativeTarget;
			buildConfigurationList = 32AB624B1DBA18AA00B37793 /* Build configuration list for PBXNativeTarget "KWPlaceNearBy" */;
			buildPhases = (
				32AB62301DBA18AA00B37793 /* Sources */,
				32AB62311DBA18AA00B37793 /* Frameworks */,
				32AB62321DBA18AA00B37793 /* Resources */,
			);
			buildRules = (
			);
			dependencies = (
			);
			name = KWPlaceNearBy;
			productName = KWPlaceNearBy;
			productReference = 32AB62341DBA18AA00B37793 /* KWPlaceNearBy.app */;
			productType = "com.apple.product-type.application";
		};
/* End PBXNativeTarget section */

/* Begin PBXProject section */
		32AB622C1DBA18A900B37793 /* Project object */ = {
			isa = PBXProject;
			attributes = {
				LastUpgradeCheck = 0730;
				ORGANIZATIONNAME = "kalyani warke";
				TargetAttributes = {
					32AB62331DBA18AA00B37793 = {
						CreatedOnToolsVersion = 7.3.1;
					};
				};
			};
			buildConfigurationList = 32AB622F1DBA18A900B37793 /* Build configuration list for PBXProject "KWPlaceNearBy" */;
			compatibilityVersion = "Xcode 3.2";
			developmentRegion = English;
			hasScannedForEncodings = 0;
			knownRegions = (
				en,
				Base,
			);
			mainGroup = 32AB622B1DBA18A900B37793;
			productRefGroup = 32AB62351DBA18AA00B37793 /* Products */;
			projectDirPath = "";
			projectRoot = "";
			targets = (
				32AB62331DBA18AA00B37793 /* KWPlaceNearBy */,
			);
		};
/* End PBXProject section */

/* Begin PBXResourcesBuildPhase section */
		32AB62321DBA18AA00B37793 /* Resources */ = {
			isa = PBXResourcesBuildPhase;
			buildActionMask = 2147483647;
			files = (
				32AB62471DBA18AA00B37793 /* LaunchScreen.storyboard in Resources */,
				32AB62441DBA18AA00B37793 /* Assets.xcassets in Resources */,
				32AB62421DBA18AA00B37793 /* Main.storyboard in Resources */,
			);
			runOnlyForDeploymentPostprocessing = 0;
		};
/* End PBXResourcesBuildPhase section */

/* Begin PBXSourcesBuildPhase section */
		32AB62301DBA18AA00B37793 /* Sources */ = {
			isa = PBXSourcesBuildPhase;
			buildActionMask = 2147483647;
			files = (
				32AB62531DBA353B00B37793 /* PlaceListViewController.m in Sources */,
				32AB623F1DBA18AA00B37793 /* ViewController.m in Sources */,
				32AB623C1DBA18AA00B37793 /* AppDelegate.m in Sources */,
				32AB62391DBA18AA00B37793 /* main.m in Sources */,
				3265F8831DC8EEF6009C786B /* PlaceDetailViewController.m in Sources */,
			);
			runOnlyForDeploymentPostprocessing = 0;
		};
/* End PBXSourcesBuildPhase section */

/* Begin PBXVariantGroup section */
		32AB62401DBA18AA00B37793 /* Main.storyboard */ = {
			isa = PBXVariantGroup;
			children = (
				32AB62411DBA18AA00B37793 /* Base */,
			);
			name = Main.storyboard;
			sourceTree = "<group>";
		};
		32AB62451DBA18AA00B37793 /* LaunchScreen.storyboard */ = {
			isa = PBXVariantGroup;
			children = (
				32AB62461DBA18AA00B37793 /* Base */,
			);
			name = LaunchScreen.storyboard;
			sourceTree = "<group>";
		};
/* End PBXVariantGroup section */

/* Begin XCBuildConfiguration section */
		32AB62491DBA18AA00B37793 /* Debug */ = {
			isa = XCBuildConfiguration;
			buildSettings = {
				ALWAYS_SEARCH_USER_PATHS = NO;
				CLANG_ANALYZER_NONNULL = YES;
				CLANG_CXX_LANGUAGE_STANDARD = "gnu++0x";
				CLANG_CXX_LIBRARY = "libc++";
				CLANG_ENABLE_MODULES = YES;
				CLANG_ENABLE_OBJC_ARC = YES;
				CLANG_WARN_BOOL_CONVERSION = YES;
				CLANG_WARN_CONSTANT_CONVERSION = YES;
				CLANG_WARN_DIRECT_OBJC_ISA_USAGE = YES_ERROR;
				CLANG_WARN_EMPTY_BODY = YES;
				CLANG_WARN_ENUM_CONVERSION = YES;
				CLANG_WARN_INT_CONVERSION = YES;
				CLANG_WARN_OBJC_ROOT_CLASS = YES_ERROR;
				CLANG_WARN_UNREACHABLE_CODE = YES;
				CLANG_WARN__DUPLICATE_METHOD_MATCH = YES;
				"CODE_SIGN_IDENTITY[sdk=iphoneos*]" = "iPhone Developer";
				COPY_PHASE_STRIP = NO;
				DEBUG_INFORMATION_FORMAT = dwarf;
				ENABLE_STRICT_OBJC_MSGSEND = YES;
				ENABLE_TESTABILITY = YES;
				GCC_C_LANGUAGE_STANDARD = gnu99;
				GCC_DYNAMIC_NO_PIC = NO;
				GCC_NO_COMMON_BLOCKS = YES;
				GCC_OPTIMIZATION_LEVEL = 0;
				GCC_PREPROCESSOR_DEFINITIONS = (
					"DEBUG=1",
					"$(inherited)",
				);
				GCC_WARN_64_TO_32_BIT_CONVERSION = YES;
				GCC_WARN_ABOUT_RETURN_TYPE = YES_ERROR;
				GCC_WARN_UNDECLARED_SELECTOR = YES;
				GCC_WARN_UNINITIALIZED_AUTOS = YES_AGGRESSIVE;
				GCC_WARN_UNUSED_FUNCTION = YES;
				GCC_WARN_UNUSED_VARIABLE = YES;
				IPHONEOS_DEPLOYMENT_TARGET = 9.3;
				MTL_ENABLE_DEBUG_INFO = YES;
				ONLY_ACTIVE_ARCH = YES;
				SDKROOT = iphoneos;
				TARGETED_DEVICE_FAMILY = "1,2";
			};
			name = Debug;
		};
		32AB624A1DBA18AA00B37793 /* Release */ = {
			isa = XCBuildConfiguration;
			buildSettings = {
				ALWAYS_SEARCH_USER_PATHS = NO;
				CLANG_ANALYZER_NONNULL = YES;
				CLANG_CXX_LANGUAGE_STANDARD = "gnu++0x";
				CLANG_CXX_LIBRARY = "libc++";
				CLANG_ENABLE_MODULES = YES;
				CLANG_ENABLE_OBJC_ARC = YES;
				CLANG_WARN_BOOL_CONVERSION = YES;
				CLANG_WARN_CONSTANT_CONVERSION = YES;
				CLANG_WARN_DIRECT_OBJC_ISA_USAGE = YES_ERROR;
				CLANG_WARN_EMPTY_BODY = YES;
				CLANG_WARN_ENUM_CONVERSION = YES;
				CLANG_WARN_INT_CONVERSION = YES;
				CLANG_WARN_OBJC_ROOT_CLASS = YES_ERROR;
				CLANG_WARN_UNREACHABLE_CODE = YES;
				CLANG_WARN__DUPLICATE_METHOD_MATCH = YES;
				"CODE_SIGN_IDENTITY[sdk=iphoneos*]" = "iPhone Developer";
				COPY_PHASE_STRIP = NO;
				DEBUG_INFORMATION_FORMAT = "dwarf-with-dsym";
				ENABLE_NS_ASSERTIONS = NO;
				ENABLE_STRICT_OBJC_MSGSEND = YES;
				GCC_C_LANGUAGE_STANDARD = gnu99;
				GCC_NO_COMMON_BLOCKS = YES;
				GCC_WARN_64_TO_32_BIT_CONVERSION = YES;
				GCC_WARN_ABOUT_RETURN_TYPE = YES_ERROR;
				GCC_WARN_UNDECLARED_SELECTOR = YES;
				GCC_WARN_UNINITIALIZED_AUTOS = YES_AGGRESSIVE;
				GCC_WARN_UNUSED_FUNCTION = YES;
				GCC_WARN_UNUSED_VARIABLE = YES;
				IPHONEOS_DEPLOYMENT_TARGET = 9.3;
				MTL_ENABLE_DEBUG_INFO = NO;
				SDKROOT = iphoneos;
				TARGETED_DEVICE_FAMILY = "1,2";
				VALIDATE_PRODUCT = YES;
			};
			name = Release;
		};
		32AB624C1DBA18AA00B37793 /* Debug */ = {
			isa = XCBuildConfiguration;
			buildSettings = {
				ASSETCATALOG_COMPILER_APPICON_NAME = AppIcon;
				INFOPLIST_FILE = KWPlaceNearBy/Info.plist;
				LD_RUNPATH_SEARCH_PATHS = "$(inherited) @executable_path/Frameworks";
				PRODUCT_BUNDLE_IDENTIFIER = com.kalyaniWarke.KWPlaceNearBy;
				PRODUCT_NAME = "$(TARGET_NAME)";
			};
			name = Debug;
		};
		32AB624D1DBA18AA00B37793 /* Release */ = {
			isa = XCBuildConfiguration;
			buildSettings = {
				ASSETCATALOG_COMPILER_APPICON_NAME = AppIcon;
				INFOPLIST_FILE = KWPlaceNearBy/Info.plist;
				LD_RUNPATH_SEARCH_PATHS = "$(inherited) @executable_path/Frameworks";
				PRODUCT_BUNDLE_IDENTIFIER = com.kalyaniWarke.KWPlaceNearBy;
				PRODUCT_NAME = "$(TARGET_NAME)";
			};
			name = Release;
		};
/* End XCBuildConfiguration section */

/* Begin XCConfigurationList section */
		32AB622F1DBA18A900B37793 /* Build configuration list for PBXProject "KWPlaceNearBy" */ = {
			isa = XCConfigurationList;
			buildConfigurations = (
				32AB62491DBA18AA00B37793 /* Debug */,
				32AB624A1DBA18AA00B37793 /* Release */,
			);
			defaultConfigurationIsVisible = 0;
			defaultConfigurationName = Release;
		};
		32AB624B1DBA18AA00B37793 /* Build configuration list for PBXNativeTarget "KWPlaceNearBy" */ = {
			isa = XCConfigurationList;
			buildConfigurations = (
				32AB624C1DBA18AA00B37793 /* Debug */,
				32AB624D1DBA18AA00B37793 /* Release */,
			);
			defaultConfigurationIsVisible = 0;
			defaultConfigurationName = Release;
		};
/* End XCConfigurationList section */
	};
	rootObject = 32AB622C1DBA18A900B37793 /* Project object */;
}
